
Microsoft Visual Studio Solution File, Format Version 12.00
# Visual Studio Version 16
VisualStudioVersion = 16.0.29920.165
MinimumVisualStudioVersion = 10.0.40219.1
Project("{FAE04EC0-301F-11D3-BF4B-00C04F79EFBC}") = "Sistema de riego", "Sistema de riego\Sistema de riego.csproj", "{BB19B95E-CC97-4D0E-92DA-CD2D5887E576}"
EndProject
Global
	GlobalSection(SolutionConfigurationPlatforms) = preSolution
		Debug|Any CPU = Debug|Any CPU
		Release|Any CPU = Release|Any CPU
	EndGlobalSection
	GlobalSection(ProjectConfigurationPlatforms) = postSolution
		{BB19B95E-CC97-4D0E-92DA-CD2D5887E576}.Debug|Any CPU.ActiveCfg = Debug|Any CPU
		{BB19B95E-CC97-4D0E-92DA-CD2D5887E576}.Debug|Any CPU.Build.0 = Debug|Any CPU
		{BB19B95E-CC97-4D0E-92DA-CD2D5887E576}.Release|Any CPU.ActiveCfg = Release|Any CPU
		{BB19B95E-CC97-4D0E-92DA-CD2D5887E576}.Release|Any CPU.Build.0 = Release|Any CPU
	EndGlobalSection
	GlobalSection(SolutionProperties) = preSolution
		HideSolutionNode = FALSE
	EndGlobalSection
	GlobalSection(ExtensibilityGlobals) = postSolution
		SolutionGuid = {FFFAB70B-86CF-43BD-BCE8-42DAF510085F}
	EndGlobalSection
EndGlobal
